
Microsoft Visual Studio Solution File, Format Version 12.00
# Visual Studio Version 16
VisualStudioVersion = 16.0.33529.622
MinimumVisualStudioVersion = 10.0.40219.1
Project("{FAE04EC0-301F-11D3-BF4B-00C04F79EFBC}") = "OpenXML", "OpenXML.csproj", "{580388C3-F5D6-4043-87B7-008F97979ECB}"
EndProject
Global
	GlobalSection(SolutionConfigurationPlatforms) = preSolution
		Debug|Any CPU = Debug|Any CPU
		Release|Any CPU = Release|Any CPU
	EndGlobalSection
	GlobalSection(ProjectConfigurationPlatforms) = postSolution
		{580388C3-F5D6-4043-87B7-008F97979ECB}.Debug|Any CPU.ActiveCfg = Debug|Any CPU
		{580388C3-F5D6-4043-87B7-008F97979ECB}.Debug|Any CPU.Build.0 = Debug|Any CPU
		{580388C3-F5D6-4043-87B7-008F97979ECB}.Release|Any CPU.ActiveCfg = Release|Any CPU
		{580388C3-F5D6-4043-87B7-008F97979ECB}.Release|Any CPU.Build.0 = Release|Any CPU
	EndGlobalSection
	GlobalSection(SolutionProperties) = preSolution
		HideSolutionNode = FALSE
	EndGlobalSection
	GlobalSection(ExtensibilityGlobals) = postSolution
		SolutionGuid = {DE1C2328-DAFF-4139-89DB-7A93FCBC6F3B}
	EndGlobalSection
EndGlobal
